lockfileVersion: '9.0'

settings:
  autoInstallPeers: true
  excludeLinksFromLockfile: false

importers:

  .:
    dependencies:
      '@prisma/client':
        specifier: 6.10.0
        version: 6.10.0(prisma@6.10.0)
      prisma:
        specifier: ^6.10.0
        version: 6.10.0

packages:

  '@prisma/client@6.10.0':
    resolution: {integrity: sha512-C+3A6sPt8EwUlNwsbT22IoUq0O+wXXA4Sw39UmCATlfa8HVP5r0X/l9xGyELhfSmmO0sjgSAl7qmlCHS6Dkekw==}
    engines: {node: '>=18.18'}
    peerDependencies:
      prisma: '*'
      typescript: '>=5.1.0'
    peerDependenciesMeta:
      prisma:
        optional: true
      typescript:
        optional: true

  '@prisma/config@6.10.0':
    resolution: {integrity: sha512-9aA88Vub9O7zdb52PuJg88cN2GCjfY2I45CIttJe7fS5EyvTRRGE/PDQlbjTG9ij9+leD47fGLQCqYDpyCE5Iw==}

  '@prisma/debug@6.10.0':
    resolution: {integrity: sha512-vzVu0Z3DfCzyx0m7LPZgdA/M7opv7B2R7agNLjh1PpIapCqHo/dwoXoj3Kl25A6TkmhexJzOZKedmhpXsMBwGA==}

  '@prisma/engines-version@6.10.0-43.aee10d5a411e4360c6d3445ce4810ca65adbf3e8':
    resolution: {integrity: sha512-Dy7cS5Sz/kzdj2nrYTiPfycf/ZeQXFoIcXgTLmYHpuDX0rGITEGe7JSTSNnLYRUnjTHerDTPGPJCiDeyb6lPBg==}

  '@prisma/engines@6.10.0':
    resolution: {integrity: sha512-g/VL/J+b1rjzvPLZWSjOt/iWX/As44IF65x0XrsvwjD1UI0hLHzDAVx3AJz4k4cNsFzEQqVl/rLa6ICsLy8v5w==}

  '@prisma/fetch-engine@6.10.0':
    resolution: {integrity: sha512-7An09F6Xe886gSwcj1HEY/0LBuD4IR0ZnKbNv4d0kMnmNzGCz+IK4XRnd/yOkiptIks0nF+igLEin5MEoBejfA==}

  '@prisma/get-platform@6.10.0':
    resolution: {integrity: sha512-6xqX2cxC2l0JHySyyFlXZ4QIESeEmkvSJfGy2r/NsQG+vjxBNDrlwDOgh+aQI1ivbgqwFRjSXuUjl/yd2Za2HQ==}

  jiti@2.4.2:
    resolution: {integrity: sha512-rg9zJN+G4n2nfJl5MW3BMygZX56zKPNVEYYqq7adpmMh4Jn2QNEwhvQlFy6jPVdcod7txZtKHWnyZiA3a0zP7A==}
    hasBin: true

  prisma@6.10.0:
    resolution: {integrity: sha512-hyfwi+HpH2lHlRUj3O6CtWg44D7iuxi/O+xoLIsDjUNvriyFIVlw4a+8facnByZnm4Lt54+ZzJkFvkKBm7bIug==}
    engines: {node: '>=18.18'}
    hasBin: true
    peerDependencies:
      typescript: '>=5.1.0'
    peerDependenciesMeta:
      typescript:
        optional: true

snapshots:

  '@prisma/client@6.10.0(prisma@6.10.0)':
    optionalDependencies:
      prisma: 6.10.0

  '@prisma/config@6.10.0':
    dependencies:
      jiti: 2.4.2

  '@prisma/debug@6.10.0': {}

  '@prisma/engines-version@6.10.0-43.aee10d5a411e4360c6d3445ce4810ca65adbf3e8': {}

  '@prisma/engines@6.10.0':
    dependencies:
      '@prisma/debug': 6.10.0
      '@prisma/engines-version': 6.10.0-43.aee10d5a411e4360c6d3445ce4810ca65adbf3e8
      '@prisma/fetch-engine': 6.10.0
      '@prisma/get-platform': 6.10.0

  '@prisma/fetch-engine@6.10.0':
    dependencies:
      '@prisma/debug': 6.10.0
      '@prisma/engines-version': 6.10.0-43.aee10d5a411e4360c6d3445ce4810ca65adbf3e8
      '@prisma/get-platform': 6.10.0

  '@prisma/get-platform@6.10.0':
    dependencies:
      '@prisma/debug': 6.10.0

  jiti@2.4.2: {}

  prisma@6.10.0:
    dependencies:
      '@prisma/config': 6.10.0
      '@prisma/engines': 6.10.0
